
Microsoft Visual Studio Solution File, Format Version 12.00
Project("{FAE04EC0-301F-11D3-BF4B-00C04F79EFBC}") = "ComparisonExtensions", "src\ComparisonExtensions\ComparisonExtensions.csproj", "{4F786ED4-A859-4273-A774-5D30A4032D63}"
EndProject
Project("{FAE04EC0-301F-11D3-BF4B-00C04F79EFBC}") = "ComparisonExtensionsTests", "test\ComparisonExtensionsTests\ComparisonExtensionsTests.csproj", "{9B8AEE60-4EB2-4AE8-874A-5E2154AE539D}"
EndProject
Global
	GlobalSection(SolutionConfigurationPlatforms) = preSolution
		Debug|Any CPU = Debug|Any CPU
		Release|Any CPU = Release|Any CPU
	EndGlobalSection
	GlobalSection(ProjectConfigurationPlatforms) = postSolution
		{4F786ED4-A859-4273-A774-5D30A4032D63}.Debug|Any CPU.ActiveCfg = Debug|Any CPU
		{4F786ED4-A859-4273-A774-5D30A4032D63}.Debug|Any CPU.Build.0 = Debug|Any CPU
		{4F786ED4-A859-4273-A774-5D30A4032D63}.Release|Any CPU.ActiveCfg = Release|Any CPU
		{4F786ED4-A859-4273-A774-5D30A4032D63}.Release|Any CPU.Build.0 = Release|Any CPU
		{9B8AEE60-4EB2-4AE8-874A-5E2154AE539D}.Debug|Any CPU.ActiveCfg = Debug|Any CPU
		{9B8AEE60-4EB2-4AE8-874A-5E2154AE539D}.Debug|Any CPU.Build.0 = Debug|Any CPU
		{9B8AEE60-4EB2-4AE8-874A-5E2154AE539D}.Release|Any CPU.ActiveCfg = Release|Any CPU
		{9B8AEE60-4EB2-4AE8-874A-5E2154AE539D}.Release|Any CPU.Build.0 = Release|Any CPU
	EndGlobalSection
EndGlobal
